{
  "object": {
    "pins": [
      {
        "package": "AppAuth",
        "repositoryURL": "https://github.com/openid/AppAuth-iOS.git",
        "state": {
          "branch": null,
          "revision": "2781038865a80e2c425a1da12cc1327bcd56501f",
          "version": "1.7.6"
        }
      },
      {
        "package": "GoogleSignIn",
        "repositoryURL": "https://github.com/google/GoogleSignIn-iOS.git",
        "state": {
          "branch": null,
          "revision": "a7965d134c5d3567026c523e0a8a583f73b62b0d",
          "version": "7.1.0"
        }
      },
      {
        "package": "GTMSessionFetcher",
        "repositoryURL": "https://github.com/google/gtm-session-fetcher.git",
        "state": {
          "branch": null,
          "revision": "a2ab612cb980066ee56d90d60d8462992c07f24b",
          "version": "3.5.0"
        }
      },
      {
        "package": "GTMAppAuth",
        "repositoryURL": "https://github.com/google/GTMAppAuth.git",
        "state": {
          "branch": null,
          "revision": "5d7d66f647400952b1758b230e019b07c0b4b22a",
          "version": "4.1.1"
        }
      }
    ]
  },
  "version": 1
}
