// !$*UTF8*$!
{
	archiveVersion = 1;
	classes = {
	};
	objectVersion = 77;
	objects = {

/* Begin PBXBuildFile section */
		05CB03312D85B8AB00B53437 /* golden-gai-json-data.json in Resources */ = {isa = PBXBuildFile; fileRef = 05CB03302D85B8AB00B53437 /* golden-gai-json-data.json */; };
		05CB03742D85C3C800B53437 /* Bar+CoreDataClass.swift in Sources */ = {isa = PBXBuildFile; fileRef = 05CB03722D85C3C800B53437 /* Bar+CoreDataClass.swift */; };
		05CB03752D85C3C800B53437 /* Bar+CoreDataProperties.swift in Sources */ = {isa = PBXBuildFile; fileRef = 05CB03732D85C3C800B53437 /* Bar+CoreDataProperties.swift */; };
		05CB04202D867B7300B53437 /* .gitignore  in Resources */ = {isa = PBXBuildFile; fileRef = 05CB03FD2D867B7300B53437 /* .gitignore  */; };
		05CB04592D868EFF00B53437 /* BarDetailView.swift in Sources */ = {isa = PBXBuildFile; fileRef = 05CB044E2D868EFF00B53437 /* BarDetailView.swift */; };
		05CB045A2D868EFF00B53437 /* BarListView.swift in Sources */ = {isa = PBXBuildFile; fileRef = 05CB044F2D868EFF00B53437 /* BarListView.swift */; };
		05CB045B2D868EFF00B53437 /* ContentView.swift in Sources */ = {isa = PBXBuildFile; fileRef = 05CB04502D868EFF00B53437 /* ContentView.swift */; };
		05CB045C2D868EFF00B53437 /* DataImportService.swift in Sources */ = {isa = PBXBuildFile; fileRef = 05CB04512D868EFF00B53437 /* DataImportService.swift */; };
		05CB045D2D868EFF00B53437 /* GoldenPeace.xcdatamodeld in Sources */ = {isa = PBXBuildFile; fileRef = 05CB04522D868EFF00B53437 /* GoldenPeace.xcdatamodeld */; };
		05CB045E2D868EFF00B53437 /* GoldenPeaceApp.swift in Sources */ = {isa = PBXBuildFile; fileRef = 05CB04532D868EFF00B53437 /* GoldenPeaceApp.swift */; };
		05CB045F2D868EFF00B53437 /* MapView.swift in Sources */ = {isa = PBXBuildFile; fileRef = 05CB04542D868EFF00B53437 /* MapView.swift */; };
		05CB04602D868EFF00B53437 /* PersistenceController.swift in Sources */ = {isa = PBXBuildFile; fileRef = 05CB04552D868EFF00B53437 /* PersistenceController.swift */; };
		05CB04612D868EFF00B53437 /* Assets.xcassets in Resources */ = {isa = PBXBuildFile; fileRef = 05CB044D2D868EFF00B53437 /* Assets.xcassets */; };
/* End PBXBuildFile section */

/* Begin PBXContainerItemProxy section */
		05CB03102D85B73C00B53437 /* PBXContainerItemProxy */ = {
			isa = PBXContainerItemProxy;
			containerPortal = 05CB02F22D85B73A00B53437 /* Project object */;
			proxyType = 1;
			remoteGlobalIDString = 05CB02F92D85B73A00B53437;
			remoteInfo = GoldenPeace;
		};
		05CB031A2D85B73C00B53437 /* PBXContainerItemProxy */ = {
			isa = PBXContainerItemProxy;
			containerPortal = 05CB02F22D85B73A00B53437 /* Project object */;
			proxyType = 1;
			remoteGlobalIDString = 05CB02F92D85B73A00B53437;
			remoteInfo = GoldenPeace;
		};
/* End PBXContainerItemProxy section */

/* Begin PBXFileReference section */
		05CB03302D85B8AB00B53437 /* golden-gai-json-data.json */ = {isa = PBXFileReference; lastKnownFileType = text.json; path = "golden-gai-json-data.json"; sourceTree = "<group>"; };
		05CB03722D85C3C800B53437 /* Bar+CoreDataClass.swift */ = {isa = PBXFileReference; lastKnownFileType = sourcecode.swift; path = "Bar+CoreDataClass.swift"; sourceTree = "<group>"; };
		05CB03732D85C3C800B53437 /* Bar+CoreDataProperties.swift */ = {isa = PBXFileReference; lastKnownFileType = sourcecode.swift; path = "Bar+CoreDataProperties.swift"; sourceTree = "<group>"; };
		05CB03FD2D867B7300B53437 /* .gitignore  */ = {isa = PBXFileReference; lastKnownFileType = text; path = ".gitignore "; sourceTree = "<group>"; };
		05CB04482D868EFF00B53437 /* GoldenPeaceTests.xctest */ = {isa = PBXFileReference; explicitFileType = wrapper.cfbundle; includeInIndex = 0; name = GoldenPeaceTests.xctest; path = "/Users/shuheikinugasa/Desktop/goldenpeace/build/Debug-iphoneos/GoldenPeace.app/PlugIns/GoldenPeaceTests.xctest"; sourceTree = "<absolute>"; };
		05CB04492D868EFF00B53437 /* GoldenPeaceUITests.xctest */ = {isa = PBXFileReference; explicitFileType = wrapper.cfbundle; includeInIndex = 0; name = GoldenPeaceUITests.xctest; path = "/Users/shuheikinugasa/Desktop/goldenpeace/build/Debug-iphoneos/GoldenPeaceUITests-Runner.app/PlugIns/GoldenPeaceUITests.xctest"; sourceTree = "<absolute>"; };
		05CB044D2D868EFF00B53437 /* Assets.xcassets */ = {isa = PBXFileReference; lastKnownFileType = folder.assetcatalog; path = Assets.xcassets; sourceTree = "<group>"; };
		05CB044E2D868EFF00B53437 /* BarDetailView.swift */ = {isa = PBXFileReference; lastKnownFileType = sourcecode.swift; path = BarDetailView.swift; sourceTree = "<group>"; };
		05CB044F2D868EFF00B53437 /* BarListView.swift */ = {isa = PBXFileReference; lastKnownFileType = sourcecode.swift; path = BarListView.swift; sourceTree = "<group>"; };
		05CB04502D868EFF00B53437 /* ContentView.swift */ = {isa = PBXFileReference; lastKnownFileType = sourcecode.swift; path = ContentView.swift; sourceTree = "<group>"; };
		05CB04512D868EFF00B53437 /* DataImportService.swift */ = {isa = PBXFileReference; lastKnownFileType = sourcecode.swift; path = DataImportService.swift; sourceTree = "<group>"; };
		05CB04532D868EFF00B53437 /* GoldenPeaceApp.swift */ = {isa = PBXFileReference; lastKnownFileType = sourcecode.swift; path = GoldenPeaceApp.swift; sourceTree = "<group>"; };
		05CB04542D868EFF00B53437 /* MapView.swift */ = {isa = PBXFileReference; lastKnownFileType = sourcecode.swift; path = MapView.swift; sourceTree = "<group>"; };
		05CB04552D868EFF00B53437 /* PersistenceController.swift */ = {isa = PBXFileReference; lastKnownFileType = sourcecode.swift; path = PersistenceController.swift; sourceTree = "<group>"; };
		05CB04572D868EFF00B53437 /* GoldenPeace.xcdatamodel */ = {isa = PBXFileReference; lastKnownFileType = wrapper.xcdatamodel; path = GoldenPeace.xcdatamodel; sourceTree = "<group>"; };
		05CB04662D869AD300B53437 /* GoldenPeace.app */ = {isa = PBXFileReference; explicitFileType = wrapper.application; includeInIndex = 0; path = GoldenPeace.app; sourceTree = BUILT_PRODUCTS_DIR; };
/* End PBXFileReference section */

/* Begin PBXFrameworksBuildPhase section */
		05CB02F72D85B73A00B53437 /* Frameworks */ = {
			isa = PBXFrameworksBuildPhase;
			buildActionMask = 2147483647;
			files = (
			);
			runOnlyForDeploymentPostprocessing = 0;
		};
		05CB030C2D85B73C00B53437 /* Frameworks */ = {
			isa = PBXFrameworksBuildPhase;
			buildActionMask = 2147483647;
			files = (
			);
			runOnlyForDeploymentPostprocessing = 0;
		};
		05CB03162D85B73C00B53437 /* Frameworks */ = {
			isa = PBXFrameworksBuildPhase;
			buildActionMask = 2147483647;
			files = (
			);
			runOnlyForDeploymentPostprocessing = 0;
		};
/* End PBXFrameworksBuildPhase section */

/* Begin PBXGroup section */
		05CB02F12D85B73A00B53437 = {
			isa = PBXGroup;
			children = (
				05CB03722D85C3C800B53437 /* Bar+CoreDataClass.swift */,
				05CB03732D85C3C800B53437 /* Bar+CoreDataProperties.swift */,
				05CB03302D85B8AB00B53437 /* golden-gai-json-data.json */,
				05CB03FD2D867B7300B53437 /* .gitignore  */,
				05CB044D2D868EFF00B53437 /* Assets.xcassets */,
				05CB044E2D868EFF00B53437 /* BarDetailView.swift */,
				05CB044F2D868EFF00B53437 /* BarListView.swift */,
				05CB04502D868EFF00B53437 /* ContentView.swift */,
				05CB04512D868EFF00B53437 /* DataImportService.swift */,
				05CB04522D868EFF00B53437 /* GoldenPeace.xcdatamodeld */,
				05CB04532D868EFF00B53437 /* GoldenPeaceApp.swift */,
				05CB04542D868EFF00B53437 /* MapView.swift */,
				05CB04552D868EFF00B53437 /* PersistenceController.swift */,
				05CB04662D869AD300B53437 /* GoldenPeace.app */,
			);
			sourceTree = "<group>";
		};
/* End PBXGroup section */

/* Begin PBXNativeTarget section */
		05CB02F92D85B73A00B53437 /* GoldenPeace */ = {
			isa = PBXNativeTarget;
			buildConfigurationList = 05CB03232D85B73C00B53437 /* Build configuration list for PBXNativeTarget "GoldenPeace" */;
			buildPhases = (
				05CB02F62D85B73A00B53437 /* Sources */,
				05CB02F72D85B73A00B53437 /* Frameworks */,
				05CB02F82D85B73A00B53437 /* Resources */,
			);
			buildRules = (
			);
			dependencies = (
			);
			name = GoldenPeace;
			packageProductDependencies = (
			);
			productName = GoldenPeace;
			productReference = 05CB04662D869AD300B53437 /* GoldenPeace.app */;
			productType = "com.apple.product-type.application";
		};
		05CB030E2D85B73C00B53437 /* GoldenPeaceTests */ = {
			isa = PBXNativeTarget;
			buildConfigurationList = 05CB03262D85B73C00B53437 /* Build configuration list for PBXNativeTarget "GoldenPeaceTests" */;
			buildPhases = (
				05CB030B2D85B73C00B53437 /* Sources */,
				05CB030C2D85B73C00B53437 /* Frameworks */,
				05CB030D2D85B73C00B53437 /* Resources */,
			);
			buildRules = (
			);
			dependencies = (
				05CB03112D85B73C00B53437 /* PBXTargetDependency */,
			);
			name = GoldenPeaceTests;
			packageProductDependencies = (
			);
			productName = GoldenPeaceTests;
			productReference = 05CB04482D868EFF00B53437 /* GoldenPeaceTests.xctest */;
			productType = "com.apple.product-type.bundle.unit-test";
		};
		05CB03182D85B73C00B53437 /* GoldenPeaceUITests */ = {
			isa = PBXNativeTarget;
			buildConfigurationList = 05CB03292D85B73C00B53437 /* Build configuration list for PBXNativeTarget "GoldenPeaceUITests" */;
			buildPhases = (
				05CB03152D85B73C00B53437 /* Sources */,
				05CB03162D85B73C00B53437 /* Frameworks */,
				05CB03172D85B73C00B53437 /* Resources */,
			);
			buildRules = (
			);
			dependencies = (
				05CB031B2D85B73C00B53437 /* PBXTargetDependency */,
			);
			name = GoldenPeaceUITests;
			packageProductDependencies = (
			);
			productName = GoldenPeaceUITests;
			productReference = 05CB04492D868EFF00B53437 /* GoldenPeaceUITests.xctest */;
			productType = "com.apple.product-type.bundle.ui-testing";
		};
/* End PBXNativeTarget section */

/* Begin PBXProject section */
		05CB02F22D85B73A00B53437 /* Project object */ = {
			isa = PBXProject;
			attributes = {
				BuildIndependentTargetsInParallel = 1;
				LastSwiftUpdateCheck = 1620;
				LastUpgradeCheck = 1620;
				TargetAttributes = {
					05CB02F92D85B73A00B53437 = {
						CreatedOnToolsVersion = 16.2;
					};
					05CB030E2D85B73C00B53437 = {
						CreatedOnToolsVersion = 16.2;
						TestTargetID = 05CB02F92D85B73A00B53437;
					};
					05CB03182D85B73C00B53437 = {
						CreatedOnToolsVersion = 16.2;
						TestTargetID = 05CB02F92D85B73A00B53437;
					};
				};
			};
			buildConfigurationList = 05CB02F52D85B73A00B53437 /* Build configuration list for PBXProject "GoldenPeace" */;
			developmentRegion = en;
			hasScannedForEncodings = 0;
			knownRegions = (
				en,
				Base,
			);
			mainGroup = 05CB02F12D85B73A00B53437;
			minimizedProjectReferenceProxies = 1;
			preferredProjectObjectVersion = 77;
			productRefGroup = 05CB02F12D85B73A00B53437;
			projectDirPath = "";
			projectRoot = "";
			targets = (
				05CB02F92D85B73A00B53437 /* GoldenPeace */,
				05CB030E2D85B73C00B53437 /* GoldenPeaceTests */,
				05CB03182D85B73C00B53437 /* GoldenPeaceUITests */,
			);
		};
/* End PBXProject section */

/* Begin PBXResourcesBuildPhase section */
		05CB02F82D85B73A00B53437 /* Resources */ = {
			isa = PBXResourcesBuildPhase;
			buildActionMask = 2147483647;
			files = (
				05CB04202D867B7300B53437 /* .gitignore  in Resources */,
				05CB04612D868EFF00B53437 /* Assets.xcassets in Resources */,
				05CB03312D85B8AB00B53437 /* golden-gai-json-data.json in Resources */,
			);
			runOnlyForDeploymentPostprocessing = 0;
		};
		05CB030D2D85B73C00B53437 /* Resources */ = {
			isa = PBXResourcesBuildPhase;
			buildActionMask = 2147483647;
			files = (
			);
			runOnlyForDeploymentPostprocessing = 0;
		};
		05CB03172D85B73C00B53437 /* Resources */ = {
			isa = PBXResourcesBuildPhase;
			buildActionMask = 2147483647;
			files = (
			);
			runOnlyForDeploymentPostprocessing = 0;
		};
/* End PBXResourcesBuildPhase section */

/* Begin PBXSourcesBuildPhase section */
		05CB02F62D85B73A00B53437 /* Sources */ = {
			isa = PBXSourcesBuildPhase;
			buildActionMask = 2147483647;
			files = (
				05CB03742D85C3C800B53437 /* Bar+CoreDataClass.swift in Sources */,
				05CB03752D85C3C800B53437 /* Bar+CoreDataProperties.swift in Sources */,
				05CB04592D868EFF00B53437 /* BarDetailView.swift in Sources */,
				05CB045A2D868EFF00B53437 /* BarListView.swift in Sources */,
				05CB045B2D868EFF00B53437 /* ContentView.swift in Sources */,
				05CB045C2D868EFF00B53437 /* DataImportService.swift in Sources */,
				05CB045D2D868EFF00B53437 /* GoldenPeace.xcdatamodeld in Sources */,
				05CB045E2D868EFF00B53437 /* GoldenPeaceApp.swift in Sources */,
				05CB045F2D868EFF00B53437 /* MapView.swift in Sources */,
				05CB04602D868EFF00B53437 /* PersistenceController.swift in Sources */,
			);
			runOnlyForDeploymentPostprocessing = 0;
		};
		05CB030B2D85B73C00B53437 /* Sources */ = {
			isa = PBXSourcesBuildPhase;
			buildActionMask = 2147483647;
			files = (
			);
			runOnlyForDeploymentPostprocessing = 0;
		};
		05CB03152D85B73C00B53437 /* Sources */ = {
			isa = PBXSourcesBuildPhase;
			buildActionMask = 2147483647;
			files = (
			);
			runOnlyForDeploymentPostprocessing = 0;
		};
/* End PBXSourcesBuildPhase section */

/* Begin PBXTargetDependency section */
		05CB03112D85B73C00B53437 /* PBXTargetDependency */ = {
			isa = PBXTargetDependency;
			target = 05CB02F92D85B73A00B53437 /* GoldenPeace */;
			targetProxy = 05CB03102D85B73C00B53437 /* PBXContainerItemProxy */;
		};
		05CB031B2D85B73C00B53437 /* PBXTargetDependency */ = {
			isa = PBXTargetDependency;
			target = 05CB02F92D85B73A00B53437 /* GoldenPeace */;
			targetProxy = 05CB031A2D85B73C00B53437 /* PBXContainerItemProxy */;
		};
/* End PBXTargetDependency section */

/* Begin XCBuildConfiguration section */
		05CB03212D85B73C00B53437 /* Debug */ = {
			isa = XCBuildConfiguration;
			buildSettings = {
				ALWAYS_SEARCH_USER_PATHS = NO;
				ASSETCATALOG_COMPILER_GENERATE_SWIFT_ASSET_SYMBOL_EXTENSIONS = YES;
				CLANG_ANALYZER_NONNULL = YES;
				CLANG_ANALYZER_NUMBER_OBJECT_CONVERSION = YES_AGGRESSIVE;
				CLANG_CXX_LANGUAGE_STANDARD = "gnu++20";
				CLANG_ENABLE_MODULES = YES;
				CLANG_ENABLE_OBJC_ARC = YES;
				CLANG_ENABLE_OBJC_WEAK = YES;
				CLANG_WARN_BLOCK_CAPTURE_AUTORELEASING = YES;
				CLANG_WARN_BOOL_CONVERSION = YES;
				CLANG_WARN_COMMA = YES;
				CLANG_WARN_CONSTANT_CONVERSION = YES;
				CLANG_WARN_DEPRECATED_OBJC_IMPLEMENTATIONS = YES;
				CLANG_WARN_DIRECT_OBJC_ISA_USAGE = YES_ERROR;
				CLANG_WARN_DOCUMENTATION_COMMENTS = YES;
				CLANG_WARN_EMPTY_BODY = YES;
				CLANG_WARN_ENUM_CONVERSION = YES;
				CLANG_WARN_INFINITE_RECURSION = YES;
				CLANG_WARN_INT_CONVERSION = YES;
				CLANG_WARN_NON_LITERAL_NULL_CONVERSION = YES;
				CLANG_WARN_OBJC_IMPLICIT_RETAIN_SELF = YES;
				CLANG_WARN_OBJC_LITERAL_CONVERSION = YES;
				CLANG_WARN_OBJC_ROOT_CLASS = YES_ERROR;
				CLANG_WARN_QUOTED_INCLUDE_IN_FRAMEWORK_HEADER = YES;
				CLANG_WARN_RANGE_LOOP_ANALYSIS = YES;
				CLANG_WARN_STRICT_PROTOTYPES = YES;
				CLANG_WARN_SUSPICIOUS_MOVE = YES;
				CLANG_WARN_UNGUARDED_AVAILABILITY = YES_AGGRESSIVE;
				CLANG_WARN_UNREACHABLE_CODE = YES;
				CLANG_WARN__DUPLICATE_METHOD_MATCH = YES;
				COPY_PHASE_STRIP = NO;
				DEBUG_INFORMATION_FORMAT = dwarf;
				ENABLE_STRICT_OBJC_MSGSEND = YES;
				ENABLE_TESTABILITY = YES;
				ENABLE_USER_SCRIPT_SANDBOXING = YES;
				GCC_C_LANGUAGE_STANDARD = gnu17;
				GCC_DYNAMIC_NO_PIC = NO;
				GCC_NO_COMMON_BLOCKS = YES;
				GCC_OPTIMIZATION_LEVEL = 0;
				GCC_PREPROCESSOR_DEFINITIONS = (
					"DEBUG=1",
					"$(inherited)",
				);
				GCC_WARN_64_TO_32_BIT_CONVERSION = YES;
				GCC_WARN_ABOUT_RETURN_TYPE = YES_ERROR;
				GCC_WARN_UNDECLARED_SELECTOR = YES;
				GCC_WARN_UNINITIALIZED_AUTOS = YES_AGGRESSIVE;
				GCC_WARN_UNUSED_FUNCTION = YES;
				GCC_WARN_UNUSED_VARIABLE = YES;
				IPHONEOS_DEPLOYMENT_TARGET = 18.2;
				LOCALIZATION_PREFERS_STRING_CATALOGS = YES;
				MTL_ENABLE_DEBUG_INFO = INCLUDE_SOURCE;
				MTL_FAST_MATH = YES;
				ONLY_ACTIVE_ARCH = YES;
				SDKROOT = iphoneos;
				SWIFT_ACTIVE_COMPILATION_CONDITIONS = "DEBUG $(inherited)";
				SWIFT_OPTIMIZATION_LEVEL = "-Onone";
			};
			name = Debug;
		};
		05CB03222D85B73C00B53437 /* Release */ = {
			isa = XCBuildConfiguration;
			buildSettings = {
				ALWAYS_SEARCH_USER_PATHS = NO;
				ASSETCATALOG_COMPILER_GENERATE_SWIFT_ASSET_SYMBOL_EXTENSIONS = YES;
				CLANG_ANALYZER_NONNULL = YES;
				CLANG_ANALYZER_NUMBER_OBJECT_CONVERSION = YES_AGGRESSIVE;
				CLANG_CXX_LANGUAGE_STANDARD = "gnu++20";
				CLANG_ENABLE_MODULES = YES;
				CLANG_ENABLE_OBJC_ARC = YES;
				CLANG_ENABLE_OBJC_WEAK = YES;
				CLANG_WARN_BLOCK_CAPTURE_AUTORELEASING = YES;
				CLANG_WARN_BOOL_CONVERSION = YES;
				CLANG_WARN_COMMA = YES;
				CLANG_WARN_CONSTANT_CONVERSION = YES;
				CLANG_WARN_DEPRECATED_OBJC_IMPLEMENTATIONS = YES;
				CLANG_WARN_DIRECT_OBJC_ISA_USAGE = YES_ERROR;
				CLANG_WARN_DOCUMENTATION_COMMENTS = YES;
				CLANG_WARN_EMPTY_BODY = YES;
				CLANG_WARN_ENUM_CONVERSION = YES;
				CLANG_WARN_INFINITE_RECURSION = YES;
				CLANG_WARN_INT_CONVERSION = YES;
				CLANG_WARN_NON_LITERAL_NULL_CONVERSION = YES;
				CLANG_WARN_OBJC_IMPLICIT_RETAIN_SELF = YES;
				CLANG_WARN_OBJC_LITERAL_CONVERSION = YES;
				CLANG_WARN_OBJC_ROOT_CLASS = YES_ERROR;
				CLANG_WARN_QUOTED_INCLUDE_IN_FRAMEWORK_HEADER = YES;
				CLANG_WARN_RANGE_LOOP_ANALYSIS = YES;
				CLANG_WARN_STRICT_PROTOTYPES = YES;
				CLANG_WARN_SUSPICIOUS_MOVE = YES;
				CLANG_WARN_UNGUARDED_AVAILABILITY = YES_AGGRESSIVE;
				CLANG_WARN_UNREACHABLE_CODE = YES;
				CLANG_WARN__DUPLICATE_METHOD_MATCH = YES;
				COPY_PHASE_STRIP = NO;
				DEBUG_INFORMATION_FORMAT = "dwarf-with-dsym";
				ENABLE_NS_ASSERTIONS = NO;
				ENABLE_STRICT_OBJC_MSGSEND = YES;
				ENABLE_USER_SCRIPT_SANDBOXING = YES;
				GCC_C_LANGUAGE_STANDARD = gnu17;
				GCC_NO_COMMON_BLOCKS = YES;
				GCC_WARN_64_TO_32_BIT_CONVERSION = YES;
				GCC_WARN_ABOUT_RETURN_TYPE = YES_ERROR;
				GCC_WARN_UNDECLARED_SELECTOR = YES;
				GCC_WARN_UNINITIALIZED_AUTOS = YES_AGGRESSIVE;
				GCC_WARN_UNUSED_FUNCTION = YES;
				GCC_WARN_UNUSED_VARIABLE = YES;
				IPHONEOS_DEPLOYMENT_TARGET = 18.2;
				LOCALIZATION_PREFERS_STRING_CATALOGS = YES;
				MTL_ENABLE_DEBUG_INFO = NO;
				MTL_FAST_MATH = YES;
				SDKROOT = iphoneos;
				SWIFT_COMPILATION_MODE = wholemodule;
				VALIDATE_PRODUCT = YES;
			};
			name = Release;
		};
		05CB03242D85B73C00B53437 /* Debug */ = {
			isa = XCBuildConfiguration;
			buildSettings = {
				ASSETCATALOG_COMPILER_APPICON_NAME = AppIcon;
				ASSETCATALOG_COMPILER_GLOBAL_ACCENT_COLOR_NAME = AccentColor;
				ASSETCATALOG_COMPILER_INCLUDE_ALL_APPICON_ASSETS = YES;
				ASSETCATALOG_WARNINGS = NO;
				CODE_SIGN_STYLE = Automatic;
				CURRENT_PROJECT_VERSION = 1;
				DEVELOPMENT_ASSET_PATHS = "";
				DEVELOPMENT_TEAM = 2U6HGW7K5L;
				ENABLE_PREVIEWS = YES;
				GENERATE_INFOPLIST_FILE = YES;
				INFOPLIST_KEY_UIApplicationSceneManifest_Generation = YES;
				INFOPLIST_KEY_UIApplicationSupportsIndirectInputEvents = YES;
				INFOPLIST_KEY_UILaunchScreen_Generation = YES;
				INFOPLIST_KEY_UISupportedInterfaceOrientations_iPad = "UIInterfaceOrientationPortrait UIInterfaceOrientationPortraitUpsideDown UIInterfaceOrientationLandscapeLeft UIInterfaceOrientationLandscapeRight";
				INFOPLIST_KEY_UISupportedInterfaceOrientations_iPhone = "UIInterfaceOrientationPortrait UIInterfaceOrientationLandscapeLeft UIInterfaceOrientationLandscapeRight";
				LD_RUNPATH_SEARCH_PATHS = (
					"$(inherited)",
					"@executable_path/Frameworks",
				);
				MARKETING_VERSION = 1.0;
				PRODUCT_BUNDLE_IDENTIFIER = shuheikinugasa.GoldenPeace;
				PRODUCT_NAME = "$(TARGET_NAME)";
				SWIFT_EMIT_LOC_STRINGS = YES;
				SWIFT_VERSION = 5.0;
				TARGETED_DEVICE_FAMILY = "1,2";
			};
			name = Debug;
		};
		05CB03252D85B73C00B53437 /* Release */ = {
			isa = XCBuildConfiguration;
			buildSettings = {
				ASSETCATALOG_COMPILER_APPICON_NAME = AppIcon;
				ASSETCATALOG_COMPILER_GLOBAL_ACCENT_COLOR_NAME = AccentColor;
				ASSETCATALOG_COMPILER_INCLUDE_ALL_APPICON_ASSETS = YES;
				ASSETCATALOG_WARNINGS = NO;
				CODE_SIGN_STYLE = Automatic;
				CURRENT_PROJECT_VERSION = 1;
				DEVELOPMENT_ASSET_PATHS = "";
				DEVELOPMENT_TEAM = 2U6HGW7K5L;
				ENABLE_PREVIEWS = YES;
				GENERATE_INFOPLIST_FILE = YES;
				INFOPLIST_KEY_UIApplicationSceneManifest_Generation = YES;
				INFOPLIST_KEY_UIApplicationSupportsIndirectInputEvents = YES;
				INFOPLIST_KEY_UILaunchScreen_Generation = YES;
				INFOPLIST_KEY_UISupportedInterfaceOrientations_iPad = "UIInterfaceOrientationPortrait UIInterfaceOrientationPortraitUpsideDown UIInterfaceOrientationLandscapeLeft UIInterfaceOrientationLandscapeRight";
				INFOPLIST_KEY_UISupportedInterfaceOrientations_iPhone = "UIInterfaceOrientationPortrait UIInterfaceOrientationLandscapeLeft UIInterfaceOrientationLandscapeRight";
				LD_RUNPATH_SEARCH_PATHS = (
					"$(inherited)",
					"@executable_path/Frameworks",
				);
				MARKETING_VERSION = 1.0;
				PRODUCT_BUNDLE_IDENTIFIER = shuheikinugasa.GoldenPeace;
				PRODUCT_NAME = "$(TARGET_NAME)";
				SWIFT_EMIT_LOC_STRINGS = YES;
				SWIFT_VERSION = 5.0;
				TARGETED_DEVICE_FAMILY = "1,2";
			};
			name = Release;
		};
		05CB03272D85B73C00B53437 /* Debug */ = {
			isa = XCBuildConfiguration;
			buildSettings = {
				BUNDLE_LOADER = "$(TEST_HOST)";
				CODE_SIGN_STYLE = Automatic;
				CURRENT_PROJECT_VERSION = 1;
				DEVELOPMENT_TEAM = 2U6HGW7K5L;
				GENERATE_INFOPLIST_FILE = YES;
				IPHONEOS_DEPLOYMENT_TARGET = 18.2;
				MARKETING_VERSION = 1.0;
				PRODUCT_BUNDLE_IDENTIFIER = shuheikinugasa.GoldenPeaceTests;
				PRODUCT_NAME = "$(TARGET_NAME)";
				SWIFT_EMIT_LOC_STRINGS = NO;
				SWIFT_VERSION = 5.0;
				TARGETED_DEVICE_FAMILY = "1,2";
				TEST_HOST = "$(BUILT_PRODUCTS_DIR)/GoldenPeace.app/$(BUNDLE_EXECUTABLE_FOLDER_PATH)/GoldenPeace";
			};
			name = Debug;
		};
		05CB03282D85B73C00B53437 /* Release */ = {
			isa = XCBuildConfiguration;
			buildSettings = {
				BUNDLE_LOADER = "$(TEST_HOST)";
				CODE_SIGN_STYLE = Automatic;
				CURRENT_PROJECT_VERSION = 1;
				DEVELOPMENT_TEAM = 2U6HGW7K5L;
				GENERATE_INFOPLIST_FILE = YES;
				IPHONEOS_DEPLOYMENT_TARGET = 18.2;
				MARKETING_VERSION = 1.0;
				PRODUCT_BUNDLE_IDENTIFIER = shuheikinugasa.GoldenPeaceTests;
				PRODUCT_NAME = "$(TARGET_NAME)";
				SWIFT_EMIT_LOC_STRINGS = NO;
				SWIFT_VERSION = 5.0;
				TARGETED_DEVICE_FAMILY = "1,2";
				TEST_HOST = "$(BUILT_PRODUCTS_DIR)/GoldenPeace.app/$(BUNDLE_EXECUTABLE_FOLDER_PATH)/GoldenPeace";
			};
			name = Release;
		};
		05CB032A2D85B73C00B53437 /* Debug */ = {
			isa = XCBuildConfiguration;
			buildSettings = {
				CODE_SIGN_STYLE = Automatic;
				CURRENT_PROJECT_VERSION = 1;
				DEVELOPMENT_TEAM = 2U6HGW7K5L;
				GENERATE_INFOPLIST_FILE = YES;
				MARKETING_VERSION = 1.0;
				PRODUCT_BUNDLE_IDENTIFIER = shuheikinugasa.GoldenPeaceUITests;
				PRODUCT_NAME = "$(TARGET_NAME)";
				SWIFT_EMIT_LOC_STRINGS = NO;
				SWIFT_VERSION = 5.0;
				TARGETED_DEVICE_FAMILY = "1,2";
				TEST_TARGET_NAME = GoldenPeace;
			};
			name = Debug;
		};
		05CB032B2D85B73C00B53437 /* Release */ = {
			isa = XCBuildConfiguration;
			buildSettings = {
				CODE_SIGN_STYLE = Automatic;
				CURRENT_PROJECT_VERSION = 1;
				DEVELOPMENT_TEAM = 2U6HGW7K5L;
				GENERATE_INFOPLIST_FILE = YES;
				MARKETING_VERSION = 1.0;
				PRODUCT_BUNDLE_IDENTIFIER = shuheikinugasa.GoldenPeaceUITests;
				PRODUCT_NAME = "$(TARGET_NAME)";
				SWIFT_EMIT_LOC_STRINGS = NO;
				SWIFT_VERSION = 5.0;
				TARGETED_DEVICE_FAMILY = "1,2";
				TEST_TARGET_NAME = GoldenPeace;
			};
			name = Release;
		};
/* End XCBuildConfiguration section */

/* Begin XCConfigurationList section */
		05CB02F52D85B73A00B53437 /* Build configuration list for PBXProject "GoldenPeace" */ = {
			isa = XCConfigurationList;
			buildConfigurations = (
				05CB03212D85B73C00B53437 /* Debug */,
				05CB03222D85B73C00B53437 /* Release */,
			);
			defaultConfigurationIsVisible = 0;
			defaultConfigurationName = Release;
		};
		05CB03232D85B73C00B53437 /* Build configuration list for PBXNativeTarget "GoldenPeace" */ = {
			isa = XCConfigurationList;
			buildConfigurations = (
				05CB03242D85B73C00B53437 /* Debug */,
				05CB03252D85B73C00B53437 /* Release */,
			);
			defaultConfigurationIsVisible = 0;
			defaultConfigurationName = Release;
		};
		05CB03262D85B73C00B53437 /* Build configuration list for PBXNativeTarget "GoldenPeaceTests" */ = {
			isa = XCConfigurationList;
			buildConfigurations = (
				05CB03272D85B73C00B53437 /* Debug */,
				05CB03282D85B73C00B53437 /* Release */,
			);
			defaultConfigurationIsVisible = 0;
			defaultConfigurationName = Release;
		};
		05CB03292D85B73C00B53437 /* Build configuration list for PBXNativeTarget "GoldenPeaceUITests" */ = {
			isa = XCConfigurationList;
			buildConfigurations = (
				05CB032A2D85B73C00B53437 /* Debug */,
				05CB032B2D85B73C00B53437 /* Release */,
			);
			defaultConfigurationIsVisible = 0;
			defaultConfigurationName = Release;
		};
/* End XCConfigurationList section */

/* Begin XCVersionGroup section */
		05CB04522D868EFF00B53437 /* GoldenPeace.xcdatamodeld */ = {
			isa = XCVersionGroup;
			children = (
				05CB04572D868EFF00B53437 /* GoldenPeace.xcdatamodel */,
			);
			currentVersion = 05CB04572D868EFF00B53437 /* GoldenPeace.xcdatamodel */;
			path = GoldenPeace.xcdatamodeld;
			sourceTree = "<group>";
			versionGroupType = wrapper.xcdatamodel;
		};
/* End XCVersionGroup section */
	};
	rootObject = 05CB02F22D85B73A00B53437 /* Project object */;
}
